
Microsoft Visual Studio Solution File, Format Version 12.00
# Visual Studio Version 16
VisualStudioVersion = 16.0.30621.155
MinimumVisualStudioVersion = 10.0.40219.1
Project("{888888A0-9F3D-457C-B088-3A5042F75D52}") = "SecurityBox", "SecurityBox.pyproj", "{012D079E-5C58-4661-BF37-4029979D3327}"
EndProject
Global
	GlobalSection(SolutionConfigurationPlatforms) = preSolution
		Debug|Any CPU = Debug|Any CPU
		Release|Any CPU = Release|Any CPU
	EndGlobalSection
	GlobalSection(ProjectConfigurationPlatforms) = postSolution
		{012D079E-5C58-4661-BF37-4029979D3327}.Debug|Any CPU.ActiveCfg = Debug|Any CPU
		{012D079E-5C58-4661-BF37-4029979D3327}.Release|Any CPU.ActiveCfg = Release|Any CPU
	EndGlobalSection
	GlobalSection(SolutionProperties) = preSolution
		HideSolutionNode = FALSE
	EndGlobalSection
	GlobalSection(ExtensibilityGlobals) = postSolution
		SolutionGuid = {20695269-1A61-4DB2-A0AD-06E6053995A6}
	EndGlobalSection
EndGlobal
